
Microsoft Visual Studio Solution File, Format Version 12.00
# Visual Studio Version 16
VisualStudioVersion = 16.0.31424.327
MinimumVisualStudioVersion = 10.0.40219.1
Project("{FAE04EC0-301F-11D3-BF4B-00C04F79EFBC}") = "MetricsManager", "MetricsManager\MetricsManager.csproj", "{C87104D4-C980-4CA2-9601-EBD418B053DE}"
EndProject
Project("{FAE04EC0-301F-11D3-BF4B-00C04F79EFBC}") = "MetricsManagerTests", "MetricsManagerTests\MetricsManagerTests.csproj", "{C7AF8579-E1F9-4214-B070-F1CC1DD13EDF}"
EndProject
Project("{FAE04EC0-301F-11D3-BF4B-00C04F79EFBC}") = "MetricsAgent", "MetricsAgent\MetricsAgent.csproj", "{73D1A1C4-A4FD-443E-ACBF-D786EFEEB349}"
EndProject
Global
	GlobalSection(SolutionConfigurationPlatforms) = preSolution
		Debug|Any CPU = Debug|Any CPU
		Release|Any CPU = Release|Any CPU
	EndGlobalSection
	GlobalSection(ProjectConfigurationPlatforms) = postSolution
		{C87104D4-C980-4CA2-9601-EBD418B053DE}.Debug|Any CPU.ActiveCfg = Debug|Any CPU
		{C87104D4-C980-4CA2-9601-EBD418B053DE}.Debug|Any CPU.Build.0 = Debug|Any CPU
		{C87104D4-C980-4CA2-9601-EBD418B053DE}.Release|Any CPU.ActiveCfg = Release|Any CPU
		{C87104D4-C980-4CA2-9601-EBD418B053DE}.Release|Any CPU.Build.0 = Release|Any CPU
		{C7AF8579-E1F9-4214-B070-F1CC1DD13EDF}.Debug|Any CPU.ActiveCfg = Debug|Any CPU
		{C7AF8579-E1F9-4214-B070-F1CC1DD13EDF}.Debug|Any CPU.Build.0 = Debug|Any CPU
		{C7AF8579-E1F9-4214-B070-F1CC1DD13EDF}.Release|Any CPU.ActiveCfg = Release|Any CPU
		{C7AF8579-E1F9-4214-B070-F1CC1DD13EDF}.Release|Any CPU.Build.0 = Release|Any CPU
		{73D1A1C4-A4FD-443E-ACBF-D786EFEEB349}.Debug|Any CPU.ActiveCfg = Debug|Any CPU
		{73D1A1C4-A4FD-443E-ACBF-D786EFEEB349}.Debug|Any CPU.Build.0 = Debug|Any CPU
		{73D1A1C4-A4FD-443E-ACBF-D786EFEEB349}.Release|Any CPU.ActiveCfg = Release|Any CPU
		{73D1A1C4-A4FD-443E-ACBF-D786EFEEB349}.Release|Any CPU.Build.0 = Release|Any CPU
	EndGlobalSection
	GlobalSection(SolutionProperties) = preSolution
		HideSolutionNode = FALSE
	EndGlobalSection
	GlobalSection(ExtensibilityGlobals) = postSolution
		SolutionGuid = {99962F40-E1B0-4864-BA87-2D29F366B609}
	EndGlobalSection
EndGlobal
